// !$*UTF8*$!
{
	archiveVersion = 1;
	classes = {
	};
	objectVersion = 56;
	objects = {

/* Begin PBXBuildFile section */
		63611A632C84FC4B001C1973 /* SwiftySearchApp.swift in Sources */ = {isa = PBXBuildFile; fileRef = 63611A622C84FC4B001C1973 /* SwiftySearchApp.swift */; };
		63611A672C84FC4C001C1973 /* Assets.xcassets in Resources */ = {isa = PBXBuildFile; fileRef = 63611A662C84FC4C001C1973 /* Assets.xcassets */; };
		63611A6A2C84FC4C001C1973 /* Preview Assets.xcassets in Resources */ = {isa = PBXBuildFile; fileRef = 63611A692C84FC4C001C1973 /* Preview Assets.xcassets */; };
		63611A732C84FCCD001C1973 /* MainView.swift in Sources */ = {isa = PBXBuildFile; fileRef = 63611A722C84FCCD001C1973 /* MainView.swift */; };
		63611A752C84FD38001C1973 /* MainViewModel.swift in Sources */ = {isa = PBXBuildFile; fileRef = 63611A742C84FD38001C1973 /* MainViewModel.swift */; };
		63611A7D2C8505DC001C1973 /* FontExtension.swift in Sources */ = {isa = PBXBuildFile; fileRef = 63611A7C2C8505DC001C1973 /* FontExtension.swift */; };
		63611A7F2C85069B001C1973 /* Labels.swift in Sources */ = {isa = PBXBuildFile; fileRef = 63611A7E2C85069B001C1973 /* Labels.swift */; };
		63611A812C8509FE001C1973 /* ResultView.swift in Sources */ = {isa = PBXBuildFile; fileRef = 63611A802C8509FE001C1973 /* ResultView.swift */; };
		63611A832C850F9D001C1973 /* ImageExtension.swift in Sources */ = {isa = PBXBuildFile; fileRef = 63611A822C850F9D001C1973 /* ImageExtension.swift */; };
		63611A852C851291001C1973 /* ColorExtension.swift in Sources */ = {isa = PBXBuildFile; fileRef = 63611A842C851291001C1973 /* ColorExtension.swift */; };
/* End PBXBuildFile section */

/* Begin PBXFileReference section */
		63611A5F2C84FC4B001C1973 /* SwiftySearch.app */ = {isa = PBXFileReference; explicitFileType = wrapper.application; includeInIndex = 0; path = SwiftySearch.app; sourceTree = BUILT_PRODUCTS_DIR; };
		63611A622C84FC4B001C1973 /* SwiftySearchApp.swift */ = {isa = PBXFileReference; lastKnownFileType = sourcecode.swift; path = SwiftySearchApp.swift; sourceTree = "<group>"; };
		63611A662C84FC4C001C1973 /* Assets.xcassets */ = {isa = PBXFileReference; lastKnownFileType = folder.assetcatalog; path = Assets.xcassets; sourceTree = "<group>"; };
		63611A692C84FC4C001C1973 /* Preview Assets.xcassets */ = {isa = PBXFileReference; lastKnownFileType = folder.assetcatalog; path = "Preview Assets.xcassets"; sourceTree = "<group>"; };
		63611A722C84FCCD001C1973 /* MainView.swift */ = {isa = PBXFileReference; lastKnownFileType = sourcecode.swift; path = MainView.swift; sourceTree = "<group>"; };
		63611A742C84FD38001C1973 /* MainViewModel.swift */ = {isa = PBXFileReference; lastKnownFileType = sourcecode.swift; path = MainViewModel.swift; sourceTree = "<group>"; };
		63611A7C2C8505DC001C1973 /* FontExtension.swift */ = {isa = PBXFileReference; lastKnownFileType = sourcecode.swift; path = FontExtension.swift; sourceTree = "<group>"; };
		63611A7E2C85069B001C1973 /* Labels.swift */ = {isa = PBXFileReference; lastKnownFileType = sourcecode.swift; path = Labels.swift; sourceTree = "<group>"; };
		63611A802C8509FE001C1973 /* ResultView.swift */ = {isa = PBXFileReference; lastKnownFileType = sourcecode.swift; path = ResultView.swift; sourceTree = "<group>"; };
		63611A822C850F9D001C1973 /* ImageExtension.swift */ = {isa = PBXFileReference; lastKnownFileType = sourcecode.swift; path = ImageExtension.swift; sourceTree = "<group>"; };
		63611A842C851291001C1973 /* ColorExtension.swift */ = {isa = PBXFileReference; lastKnownFileType = sourcecode.swift; path = ColorExtension.swift; sourceTree = "<group>"; };
/* End PBXFileReference section */

/* Begin PBXFrameworksBuildPhase section */
		63611A5C2C84FC4B001C1973 /* Frameworks */ = {
			isa = PBXFrameworksBuildPhase;
			buildActionMask = 2147483647;
			files = (
			);
			runOnlyForDeploymentPostprocessing = 0;
		};
/* End PBXFrameworksBuildPhase section */

/* Begin PBXGroup section */
		63611A562C84FC4B001C1973 = {
			isa = PBXGroup;
			children = (
				63611A612C84FC4B001C1973 /* SwiftySearch */,
				63611A602C84FC4B001C1973 /* Products */,
			);
			sourceTree = "<group>";
		};
		63611A602C84FC4B001C1973 /* Products */ = {
			isa = PBXGroup;
			children = (
				63611A5F2C84FC4B001C1973 /* SwiftySearch.app */,
			);
			name = Products;
			sourceTree = "<group>";
		};
		63611A612C84FC4B001C1973 /* SwiftySearch */ = {
			isa = PBXGroup;
			children = (
				63611A702C84FCA6001C1973 /* Application */,
				63611A712C84FCAF001C1973 /* MainModule */,
				63611A7B2C8505C2001C1973 /* Extensions */,
				63611A772C850404001C1973 /* SupportFiles */,
				63611A682C84FC4C001C1973 /* Preview Content */,
			);
			path = SwiftySearch;
			sourceTree = "<group>";
		};
		63611A682C84FC4C001C1973 /* Preview Content */ = {
			isa = PBXGroup;
			children = (
				63611A692C84FC4C001C1973 /* Preview Assets.xcassets */,
			);
			path = "Preview Content";
			sourceTree = "<group>";
		};
		63611A702C84FCA6001C1973 /* Application */ = {
			isa = PBXGroup;
			children = (
				63611A622C84FC4B001C1973 /* SwiftySearchApp.swift */,
			);
			path = Application;
			sourceTree = "<group>";
		};
		63611A712C84FCAF001C1973 /* MainModule */ = {
			isa = PBXGroup;
			children = (
				63611A7A2C8505AA001C1973 /* View */,
				63611A792C8505A2001C1973 /* ViewModel */,
			);
			path = MainModule;
			sourceTree = "<group>";
		};
		63611A772C850404001C1973 /* SupportFiles */ = {
			isa = PBXGroup;
			children = (
				63611A662C84FC4C001C1973 /* Assets.xcassets */,
			);
			path = SupportFiles;
			sourceTree = "<group>";
		};
		63611A792C8505A2001C1973 /* ViewModel */ = {
			isa = PBXGroup;
			children = (
				63611A742C84FD38001C1973 /* MainViewModel.swift */,
			);
			path = ViewModel;
			sourceTree = "<group>";
		};
		63611A7A2C8505AA001C1973 /* View */ = {
			isa = PBXGroup;
			children = (
				63611A722C84FCCD001C1973 /* MainView.swift */,
				63611A802C8509FE001C1973 /* ResultView.swift */,
			);
			path = View;
			sourceTree = "<group>";
		};
		63611A7B2C8505C2001C1973 /* Extensions */ = {
			isa = PBXGroup;
			children = (
				63611A7C2C8505DC001C1973 /* FontExtension.swift */,
				63611A822C850F9D001C1973 /* ImageExtension.swift */,
				63611A842C851291001C1973 /* ColorExtension.swift */,
				63611A7E2C85069B001C1973 /* Labels.swift */,
			);
			path = Extensions;
			sourceTree = "<group>";
		};
/* End PBXGroup section */

/* Begin PBXNativeTarget section */
		63611A5E2C84FC4B001C1973 /* SwiftySearch */ = {
			isa = PBXNativeTarget;
			buildConfigurationList = 63611A6D2C84FC4C001C1973 /* Build configuration list for PBXNativeTarget "SwiftySearch" */;
			buildPhases = (
				63611A5B2C84FC4B001C1973 /* Sources */,
				63611A5C2C84FC4B001C1973 /* Frameworks */,
				63611A5D2C84FC4B001C1973 /* Resources */,
			);
			buildRules = (
			);
			dependencies = (
			);
			name = SwiftySearch;
			productName = SwiftySearch;
			productReference = 63611A5F2C84FC4B001C1973 /* SwiftySearch.app */;
			productType = "com.apple.product-type.application";
		};
/* End PBXNativeTarget section */

/* Begin PBXProject section */
		63611A572C84FC4B001C1973 /* Project object */ = {
			isa = PBXProject;
			attributes = {
				BuildIndependentTargetsInParallel = 1;
				LastSwiftUpdateCheck = 1540;
				LastUpgradeCheck = 1540;
				TargetAttributes = {
					63611A5E2C84FC4B001C1973 = {
						CreatedOnToolsVersion = 15.4;
					};
				};
			};
			buildConfigurationList = 63611A5A2C84FC4B001C1973 /* Build configuration list for PBXProject "SwiftySearch" */;
			compatibilityVersion = "Xcode 14.0";
			developmentRegion = en;
			hasScannedForEncodings = 0;
			knownRegions = (
				en,
				Base,
			);
			mainGroup = 63611A562C84FC4B001C1973;
			productRefGroup = 63611A602C84FC4B001C1973 /* Products */;
			projectDirPath = "";
			projectRoot = "";
			targets = (
				63611A5E2C84FC4B001C1973 /* SwiftySearch */,
			);
		};
/* End PBXProject section */

/* Begin PBXResourcesBuildPhase section */
		63611A5D2C84FC4B001C1973 /* Resources */ = {
			isa = PBXResourcesBuildPhase;
			buildActionMask = 2147483647;
			files = (
				63611A6A2C84FC4C001C1973 /* Preview Assets.xcassets in Resources */,
				63611A672C84FC4C001C1973 /* Assets.xcassets in Resources */,
			);
			runOnlyForDeploymentPostprocessing = 0;
		};
/* End PBXResourcesBuildPhase section */

/* Begin PBXSourcesBuildPhase section */
		63611A5B2C84FC4B001C1973 /* Sources */ = {
			isa = PBXSourcesBuildPhase;
			buildActionMask = 2147483647;
			files = (
				63611A632C84FC4B001C1973 /* SwiftySearchApp.swift in Sources */,
				63611A7F2C85069B001C1973 /* Labels.swift in Sources */,
				63611A732C84FCCD001C1973 /* MainView.swift in Sources */,
				63611A852C851291001C1973 /* ColorExtension.swift in Sources */,
				63611A832C850F9D001C1973 /* ImageExtension.swift in Sources */,
				63611A7D2C8505DC001C1973 /* FontExtension.swift in Sources */,
				63611A752C84FD38001C1973 /* MainViewModel.swift in Sources */,
				63611A812C8509FE001C1973 /* ResultView.swift in Sources */,
			);
			runOnlyForDeploymentPostprocessing = 0;
		};
/* End PBXSourcesBuildPhase section */

/* Begin XCBuildConfiguration section */
		63611A6B2C84FC4C001C1973 /* Debug */ = {
			isa = XCBuildConfiguration;
			buildSettings = {
				ALWAYS_SEARCH_USER_PATHS = NO;
				ASSETCATALOG_COMPILER_GENERATE_SWIFT_ASSET_SYMBOL_EXTENSIONS = YES;
				CLANG_ANALYZER_NONNULL = YES;
				CLANG_ANALYZER_NUMBER_OBJECT_CONVERSION = YES_AGGRESSIVE;
				CLANG_CXX_LANGUAGE_STANDARD = "gnu++20";
				CLANG_ENABLE_MODULES = YES;
				CLANG_ENABLE_OBJC_ARC = YES;
				CLANG_ENABLE_OBJC_WEAK = YES;
				CLANG_WARN_BLOCK_CAPTURE_AUTORELEASING = YES;
				CLANG_WARN_BOOL_CONVERSION = YES;
				CLANG_WARN_COMMA = YES;
				CLANG_WARN_CONSTANT_CONVERSION = YES;
				CLANG_WARN_DEPRECATED_OBJC_IMPLEMENTATIONS = YES;
				CLANG_WARN_DIRECT_OBJC_ISA_USAGE = YES_ERROR;
				CLANG_WARN_DOCUMENTATION_COMMENTS = YES;
				CLANG_WARN_EMPTY_BODY = YES;
				CLANG_WARN_ENUM_CONVERSION = YES;
				CLANG_WARN_INFINITE_RECURSION = YES;
				CLANG_WARN_INT_CONVERSION = YES;
				CLANG_WARN_NON_LITERAL_NULL_CONVERSION = YES;
				CLANG_WARN_OBJC_IMPLICIT_RETAIN_SELF = YES;
				CLANG_WARN_OBJC_LITERAL_CONVERSION = YES;
				CLANG_WARN_OBJC_ROOT_CLASS = YES_ERROR;
				CLANG_WARN_QUOTED_INCLUDE_IN_FRAMEWORK_HEADER = YES;
				CLANG_WARN_RANGE_LOOP_ANALYSIS = YES;
				CLANG_WARN_STRICT_PROTOTYPES = YES;
				CLANG_WARN_SUSPICIOUS_MOVE = YES;
				CLANG_WARN_UNGUARDED_AVAILABILITY = YES_AGGRESSIVE;
				CLANG_WARN_UNREACHABLE_CODE = YES;
				CLANG_WARN__DUPLICATE_METHOD_MATCH = YES;
				COPY_PHASE_STRIP = NO;
				DEBUG_INFORMATION_FORMAT = dwarf;
				ENABLE_STRICT_OBJC_MSGSEND = YES;
				ENABLE_TESTABILITY = YES;
				ENABLE_USER_SCRIPT_SANDBOXING = YES;
				GCC_C_LANGUAGE_STANDARD = gnu17;
				GCC_DYNAMIC_NO_PIC = NO;
				GCC_NO_COMMON_BLOCKS = YES;
				GCC_OPTIMIZATION_LEVEL = 0;
				GCC_PREPROCESSOR_DEFINITIONS = (
					"DEBUG=1",
					"$(inherited)",
				);
				GCC_WARN_64_TO_32_BIT_CONVERSION = YES;
				GCC_WARN_ABOUT_RETURN_TYPE = YES_ERROR;
				GCC_WARN_UNDECLARED_SELECTOR = YES;
				GCC_WARN_UNINITIALIZED_AUTOS = YES_AGGRESSIVE;
				GCC_WARN_UNUSED_FUNCTION = YES;
				GCC_WARN_UNUSED_VARIABLE = YES;
				IPHONEOS_DEPLOYMENT_TARGET = 17.5;
				LOCALIZATION_PREFERS_STRING_CATALOGS = YES;
				MTL_ENABLE_DEBUG_INFO = INCLUDE_SOURCE;
				MTL_FAST_MATH = YES;
				ONLY_ACTIVE_ARCH = YES;
				SDKROOT = iphoneos;
				SWIFT_ACTIVE_COMPILATION_CONDITIONS = "DEBUG $(inherited)";
				SWIFT_OPTIMIZATION_LEVEL = "-Onone";
			};
			name = Debug;
		};
		63611A6C2C84FC4C001C1973 /* Release */ = {
			isa = XCBuildConfiguration;
			buildSettings = {
				ALWAYS_SEARCH_USER_PATHS = NO;
				ASSETCATALOG_COMPILER_GENERATE_SWIFT_ASSET_SYMBOL_EXTENSIONS = YES;
				CLANG_ANALYZER_NONNULL = YES;
				CLANG_ANALYZER_NUMBER_OBJECT_CONVERSION = YES_AGGRESSIVE;
				CLANG_CXX_LANGUAGE_STANDARD = "gnu++20";
				CLANG_ENABLE_MODULES = YES;
				CLANG_ENABLE_OBJC_ARC = YES;
				CLANG_ENABLE_OBJC_WEAK = YES;
				CLANG_WARN_BLOCK_CAPTURE_AUTORELEASING = YES;
				CLANG_WARN_BOOL_CONVERSION = YES;
				CLANG_WARN_COMMA = YES;
				CLANG_WARN_CONSTANT_CONVERSION = YES;
				CLANG_WARN_DEPRECATED_OBJC_IMPLEMENTATIONS = YES;
				CLANG_WARN_DIRECT_OBJC_ISA_USAGE = YES_ERROR;
				CLANG_WARN_DOCUMENTATION_COMMENTS = YES;
				CLANG_WARN_EMPTY_BODY = YES;
				CLANG_WARN_ENUM_CONVERSION = YES;
				CLANG_WARN_INFINITE_RECURSION = YES;
				CLANG_WARN_INT_CONVERSION = YES;
				CLANG_WARN_NON_LITERAL_NULL_CONVERSION = YES;
				CLANG_WARN_OBJC_IMPLICIT_RETAIN_SELF = YES;
				CLANG_WARN_OBJC_LITERAL_CONVERSION = YES;
				CLANG_WARN_OBJC_ROOT_CLASS = YES_ERROR;
				CLANG_WARN_QUOTED_INCLUDE_IN_FRAMEWORK_HEADER = YES;
				CLANG_WARN_RANGE_LOOP_ANALYSIS = YES;
				CLANG_WARN_STRICT_PROTOTYPES = YES;
				CLANG_WARN_SUSPICIOUS_MOVE = YES;
				CLANG_WARN_UNGUARDED_AVAILABILITY = YES_AGGRESSIVE;
				CLANG_WARN_UNREACHABLE_CODE = YES;
				CLANG_WARN__DUPLICATE_METHOD_MATCH = YES;
				COPY_PHASE_STRIP = NO;
				DEBUG_INFORMATION_FORMAT = "dwarf-with-dsym";
				ENABLE_NS_ASSERTIONS = NO;
				ENABLE_STRICT_OBJC_MSGSEND = YES;
				ENABLE_USER_SCRIPT_SANDBOXING = YES;
				GCC_C_LANGUAGE_STANDARD = gnu17;
				GCC_NO_COMMON_BLOCKS = YES;
				GCC_WARN_64_TO_32_BIT_CONVERSION = YES;
				GCC_WARN_ABOUT_RETURN_TYPE = YES_ERROR;
				GCC_WARN_UNDECLARED_SELECTOR = YES;
				GCC_WARN_UNINITIALIZED_AUTOS = YES_AGGRESSIVE;
				GCC_WARN_UNUSED_FUNCTION = YES;
				GCC_WARN_UNUSED_VARIABLE = YES;
				IPHONEOS_DEPLOYMENT_TARGET = 17.5;
				LOCALIZATION_PREFERS_STRING_CATALOGS = YES;
				MTL_ENABLE_DEBUG_INFO = NO;
				MTL_FAST_MATH = YES;
				SDKROOT = iphoneos;
				SWIFT_COMPILATION_MODE = wholemodule;
				VALIDATE_PRODUCT = YES;
			};
			name = Release;
		};
		63611A6E2C84FC4C001C1973 /* Debug */ = {
			isa = XCBuildConfiguration;
			buildSettings = {
				ASSETCATALOG_COMPILER_APPICON_NAME = AppIcon;
				ASSETCATALOG_COMPILER_GLOBAL_ACCENT_COLOR_NAME = AccentColor;
				CODE_SIGN_STYLE = Automatic;
				CURRENT_PROJECT_VERSION = 1;
				DEVELOPMENT_ASSET_PATHS = "\"SwiftySearch/Preview Content\"";
				DEVELOPMENT_TEAM = ZFH6DW7S4P;
				ENABLE_PREVIEWS = YES;
				GENERATE_INFOPLIST_FILE = YES;
				INFOPLIST_KEY_CFBundleDisplayName = "Swifty Search";
				INFOPLIST_KEY_LSApplicationCategoryType = "public.app-category.games";
				INFOPLIST_KEY_UIApplicationSceneManifest_Generation = YES;
				INFOPLIST_KEY_UIApplicationSupportsIndirectInputEvents = YES;
				INFOPLIST_KEY_UILaunchScreen_Generation = YES;
				INFOPLIST_KEY_UISupportedInterfaceOrientations_iPad = "UIInterfaceOrientationPortrait UIInterfaceOrientationPortraitUpsideDown UIInterfaceOrientationLandscapeLeft UIInterfaceOrientationLandscapeRight";
				INFOPLIST_KEY_UISupportedInterfaceOrientations_iPhone = "UIInterfaceOrientationPortrait UIInterfaceOrientationLandscapeLeft UIInterfaceOrientationLandscapeRight";
				IPHONEOS_DEPLOYMENT_TARGET = 17.0;
				LD_RUNPATH_SEARCH_PATHS = (
					"$(inherited)",
					"@executable_path/Frameworks",
				);
				MARKETING_VERSION = 0.0.1;
				PRODUCT_BUNDLE_IDENTIFIER = com.remby.SwiftySearch;
				PRODUCT_NAME = "$(TARGET_NAME)";
				SWIFT_EMIT_LOC_STRINGS = YES;
				SWIFT_VERSION = 5.0;
				TARGETED_DEVICE_FAMILY = "1,2";
			};
			name = Debug;
		};
		63611A6F2C84FC4C001C1973 /* Release */ = {
			isa = XCBuildConfiguration;
			buildSettings = {
				ASSETCATALOG_COMPILER_APPICON_NAME = AppIcon;
				ASSETCATALOG_COMPILER_GLOBAL_ACCENT_COLOR_NAME = AccentColor;
				CODE_SIGN_STYLE = Automatic;
				CURRENT_PROJECT_VERSION = 1;
				DEVELOPMENT_ASSET_PATHS = "\"SwiftySearch/Preview Content\"";
				DEVELOPMENT_TEAM = ZFH6DW7S4P;
				ENABLE_PREVIEWS = YES;
				GENERATE_INFOPLIST_FILE = YES;
				INFOPLIST_KEY_CFBundleDisplayName = "Swifty Search";
				INFOPLIST_KEY_LSApplicationCategoryType = "public.app-category.games";
				INFOPLIST_KEY_UIApplicationSceneManifest_Generation = YES;
				INFOPLIST_KEY_UIApplicationSupportsIndirectInputEvents = YES;
				INFOPLIST_KEY_UILaunchScreen_Generation = YES;
				INFOPLIST_KEY_UISupportedInterfaceOrientations_iPad = "UIInterfaceOrientationPortrait UIInterfaceOrientationPortraitUpsideDown UIInterfaceOrientationLandscapeLeft UIInterfaceOrientationLandscapeRight";
				INFOPLIST_KEY_UISupportedInterfaceOrientations_iPhone = "UIInterfaceOrientationPortrait UIInterfaceOrientationLandscapeLeft UIInterfaceOrientationLandscapeRight";
				IPHONEOS_DEPLOYMENT_TARGET = 17.0;
				LD_RUNPATH_SEARCH_PATHS = (
					"$(inherited)",
					"@executable_path/Frameworks",
				);
				MARKETING_VERSION = 0.0.1;
				PRODUCT_BUNDLE_IDENTIFIER = com.remby.SwiftySearch;
				PRODUCT_NAME = "$(TARGET_NAME)";
				SWIFT_EMIT_LOC_STRINGS = YES;
				SWIFT_VERSION = 5.0;
				TARGETED_DEVICE_FAMILY = "1,2";
			};
			name = Release;
		};
/* End XCBuildConfiguration section */

/* Begin XCConfigurationList section */
		63611A5A2C84FC4B001C1973 /* Build configuration list for PBXProject "SwiftySearch" */ = {
			isa = XCConfigurationList;
			buildConfigurations = (
				63611A6B2C84FC4C001C1973 /* Debug */,
				63611A6C2C84FC4C001C1973 /* Release */,
			);
			defaultConfigurationIsVisible = 0;
			defaultConfigurationName = Release;
		};
		63611A6D2C84FC4C001C1973 /* Build configuration list for PBXNativeTarget "SwiftySearch" */ = {
			isa = XCConfigurationList;
			buildConfigurations = (
				63611A6E2C84FC4C001C1973 /* Debug */,
				63611A6F2C84FC4C001C1973 /* Release */,
			);
			defaultConfigurationIsVisible = 0;
			defaultConfigurationName = Release;
		};
/* End XCConfigurationList section */
	};
	rootObject = 63611A572C84FC4B001C1973 /* Project object */;
}
